# This file is automatically @generated by Poetry 2.0.1 and should not be changed by hand.

[[package]]
name = "signals"
version = "0.0.2"
description = "Object notifier and pubsub"
optional = false
python-versions = "*"
groups = ["main"]
files = [
    {file = "signals-0.0.2.tar.gz", hash = "sha256:b9d43a42e23c5ae8ae04ac01a5234e6502efadef263eee93191fb31f58fdb339"},
]

[metadata]
lock-version = "2.1"
python-versions = ">=3.13"
content-hash = "42f26072e9937c417e3e4e181226605877781af266ebb97f3f076e5d450465e4"
